
Microsoft Visual Studio Solution File, Format Version 12.00
# Visual Studio Version 17
VisualStudioVersion = 17.5.33530.505
MinimumVisualStudioVersion = 10.0.40219.1
Project("{FAE04EC0-301F-11D3-BF4B-00C04F79EFBC}") = "LionsDen", "LionsDen.csproj", "{0324C684-7DF9-4604-A29D-05980D7F876F}"
EndProject
Global
	GlobalSection(SolutionConfigurationPlatforms) = preSolution
		Debug|Any CPU = Debug|Any CPU
		Release|Any CPU = Release|Any CPU
	EndGlobalSection
	GlobalSection(ProjectConfigurationPlatforms) = postSolution
		{0324C684-7DF9-4604-A29D-05980D7F876F}.Debug|Any CPU.ActiveCfg = Debug|Any CPU
		{0324C684-7DF9-4604-A29D-05980D7F876F}.Debug|Any CPU.Build.0 = Debug|Any CPU
		{0324C684-7DF9-4604-A29D-05980D7F876F}.Release|Any CPU.ActiveCfg = Release|Any CPU
		{0324C684-7DF9-4604-A29D-05980D7F876F}.Release|Any CPU.Build.0 = Release|Any CPU
	EndGlobalSection
	GlobalSection(SolutionProperties) = preSolution
		HideSolutionNode = FALSE
	EndGlobalSection
	GlobalSection(ExtensibilityGlobals) = postSolution
		SolutionGuid = {4F14939C-85E2-4D29-8A5A-B60555F514DD}
	EndGlobalSection
EndGlobal
